
Microsoft Visual Studio Solution File, Format Version 12.00
Project("{FAE04EC0-301F-11D3-BF4B-00C04F79EFBC}") = "backend.Api", "backend.Api\backend.Api.csproj", "{66AA68B2-0CAB-43E0-BBC5-460B2955F803}"
EndProject
Project("{FAE04EC0-301F-11D3-BF4B-00C04F79EFBC}") = "backend.Data", "backend.Data\backend.Data.csproj", "{49A56E20-1298-40BF-AFE3-524655D3994C}"
EndProject
Project("{FAE04EC0-301F-11D3-BF4B-00C04F79EFBC}") = "Razoer", "Razoer\Razoer.csproj", "{7F4C0076-2340-406C-BE87-508B59040040}"
EndProject
Global
	GlobalSection(SolutionConfigurationPlatforms) = preSolution
		Debug|Any CPU = Debug|Any CPU
		Release|Any CPU = Release|Any CPU
	EndGlobalSection
	GlobalSection(ProjectConfigurationPlatforms) = postSolution
		{66AA68B2-0CAB-43E0-BBC5-460B2955F803}.Debug|Any CPU.ActiveCfg = Debug|Any CPU
		{66AA68B2-0CAB-43E0-BBC5-460B2955F803}.Debug|Any CPU.Build.0 = Debug|Any CPU
		{66AA68B2-0CAB-43E0-BBC5-460B2955F803}.Release|Any CPU.ActiveCfg = Release|Any CPU
		{66AA68B2-0CAB-43E0-BBC5-460B2955F803}.Release|Any CPU.Build.0 = Release|Any CPU
		{49A56E20-1298-40BF-AFE3-524655D3994C}.Debug|Any CPU.ActiveCfg = Debug|Any CPU
		{49A56E20-1298-40BF-AFE3-524655D3994C}.Debug|Any CPU.Build.0 = Debug|Any CPU
		{49A56E20-1298-40BF-AFE3-524655D3994C}.Release|Any CPU.ActiveCfg = Release|Any CPU
		{49A56E20-1298-40BF-AFE3-524655D3994C}.Release|Any CPU.Build.0 = Release|Any CPU
		{7F4C0076-2340-406C-BE87-508B59040040}.Debug|Any CPU.ActiveCfg = Debug|Any CPU
		{7F4C0076-2340-406C-BE87-508B59040040}.Debug|Any CPU.Build.0 = Debug|Any CPU
		{7F4C0076-2340-406C-BE87-508B59040040}.Release|Any CPU.ActiveCfg = Release|Any CPU
		{7F4C0076-2340-406C-BE87-508B59040040}.Release|Any CPU.Build.0 = Release|Any CPU
	EndGlobalSection
EndGlobal
